// !$*UTF8*$!
{
	archiveVersion = 1;
	classes = {
	};
	objectVersion = 77;
	objects = {

/* Begin PBXBuildFile section */
		3C77F32162E7F459FFB57B7D /* AfcFileExplorer.swift in Sources */ = {isa = PBXBuildFile; fileRef = 2C423B2BB4DB06ECED0B5F73 /* AfcFileExplorer.swift */; };
		B7AF9075663AA9789413D094 /* AfcMediaBackup.swift in Sources */ = {isa = PBXBuildFile; fileRef = AC6D8068D586482F477E4CF0 /* AfcMediaBackup.swift */; };
		AC71F3A22E4B4C0A9D51B7C8 /* Airlift.swift in Sources */ = {isa = PBXBuildFile; fileRef = AC71F3A12E4B4C0A9D51B7C8 /* Airlift.swift */; };
		4CFE9ACC1963E95C6B7220A8 /* AirliftPairing.swift in Sources */ = {isa = PBXBuildFile; fileRef = 6596FEFE7216F1A02B1924D7 /* AirliftPairing.swift */; };
		EB8E79099013C10B8DFFC15C /* Alert++.swift in Sources */ = {isa = PBXBuildFile; fileRef = 784977FF7125F784FA4547E2 /* Alert++.swift */; };
		484D0347B41ADB35555A017F /* AppPaths.swift in Sources */ = {isa = PBXBuildFile; fileRef = 91396F621D29D7FA9600BD21 /* AppPaths.swift */; };
		D12A90C194539DFA53831C5A /* AppShell.swift in Sources */ = {isa = PBXBuildFile; fileRef = FDCF91FEC1CCE1B24D2BB264 /* AppShell.swift */; };
		A1C0DE5E7B4F6A3C8D2E1908 /* Assets.xcassets in Resources */ = {isa = PBXBuildFile; fileRef = A1C0DE5E7B4F6A3C8D2E1907 /* Assets.xcassets */; };
		A1C0DE5E7B4F6A3C8D2E1909 /* Assets.xcassets/AppIcon.icon in Resources */ = {isa = PBXBuildFile; fileRef = A1C0DE5E7B4F6A3C8D2E190A /* Assets.xcassets/AppIcon.icon */; };
		B37B8CC1C1B46CD15DAF3381 /* AsyncRacing.swift in Sources */ = {isa = PBXBuildFile; fileRef = BAC71EBF95E1574B88783B6B /* AsyncRacing.swift */; };
		FAACE511C387E7F92C89693D /* AutoSaveBootstrap.swift in Sources */ = {isa = PBXBuildFile; fileRef = E9512D830DC6552FBC02D519 /* AutoSaveBootstrap.swift */; };
		E6A1A5E439330FF34ACA9B86 /* BackupInjector.swift in Sources */ = {isa = PBXBuildFile; fileRef = E3B0606577F22DD11B401E93 /* BackupInjector.swift */; };
		3E0DA5B2355E5D21A0216CFA /* ChannelRecovery.swift in Sources */ = {isa = PBXBuildFile; fileRef = 6049D8D015CF48961C744709 /* ChannelRecovery.swift */; };
		93CC8FCB89EBB82F4F129CD4 /* DaemonsView.swift in Sources */ = {isa = PBXBuildFile; fileRef = 554F3E8B6811996F0E9B14BF /* DaemonsView.swift */; };
		1A2C91C201B92CA611FDA9DB /* DevSettings.swift in Sources */ = {isa = PBXBuildFile; fileRef = EAA16F4B5AB181B1CF4CE3E1 /* DevSettings.swift */; };
		96CCD31F8F6C1B323200AABD /* DeviceIdentity.swift in Sources */ = {isa = PBXBuildFile; fileRef = A2F7065D06BCC3DD26401D93 /* DeviceIdentity.swift */; };
		881B6D5DEB7B29D35D0FCFA2 /* Diagnostics.swift in Sources */ = {isa = PBXBuildFile; fileRef = 6E11FBF9A047B56F2E66E5FD /* Diagnostics.swift */; };
		6FAF80E23DED37E68DF5C4EB /* Extensions.swift in Sources */ = {isa = PBXBuildFile; fileRef = 4E2884CFA985B6561938C066 /* Extensions.swift */; };
		751BC0A7D8568BA0756F457E /* FilesView.swift in Sources */ = {isa = PBXBuildFile; fileRef = E5FAB0C4930AF5551C47DEAD /* FilesView.swift */; };
		483F8C2418C5B065F7B692B2 /* GoldenComponents.swift in Sources */ = {isa = PBXBuildFile; fileRef = A9376FB58D1DA358A075B8DD /* GoldenComponents.swift */; };
		5DD3A0C569E72A5156269FA3 /* GoldenNuggetAutosave.swift in Sources */ = {isa = PBXBuildFile; fileRef = 620C48822AEE820170AF577B /* GoldenNuggetAutosave.swift */; };
		2E44104D7A9958A98A7860EF /* GoldenNuggetEngine.swift in Sources */ = {isa = PBXBuildFile; fileRef = 680BEDC6838E13FA5AEE059E /* GoldenNuggetEngine.swift */; };
		D8CB50EA9A6F61C7683E54A6 /* GoldenNuggetPreset.swift in Sources */ = {isa = PBXBuildFile; fileRef = 37369801556192F20D0DF2D8 /* GoldenNuggetPreset.swift */; };
		11558E54DB612291BA4B5C73 /* GoldenNuggetView.swift in Sources */ = {isa = PBXBuildFile; fileRef = F4432398FF02541D88F5E11B /* GoldenNuggetView.swift */; };
		D216DFB074CD321EF4316F9E /* GoldenTheme.swift in Sources */ = {isa = PBXBuildFile; fileRef = 85A3D093FF4C72DC8FA10411 /* GoldenTheme.swift */; };
		4C6ABCDA5E29802D75B2F8DF /* GrappaToken.swift in Sources */ = {isa = PBXBuildFile; fileRef = 5D8F3D3ADE8DD40A0B221EFF /* GrappaToken.swift */; };
		49D6B9D95723713BD06BE44A /* HostManifests.swift in Sources */ = {isa = PBXBuildFile; fileRef = 1586D9A781CB24F33910162E /* HostManifests.swift */; };
		D72E5E9591A66FAB046A24E0 /* InFlightCall.swift in Sources */ = {isa = PBXBuildFile; fileRef = A5DC362DFE508D1A75B921BC /* InFlightCall.swift */; };
		38AC1AA2B797920552A965C5 /* Logging.swift in Sources */ = {isa = PBXBuildFile; fileRef = 4DA93A177C8D1537F0522DAD /* Logging.swift */; };
		DA113EFA02C294F15004CA4C /* MBDBManifest.swift in Sources */ = {isa = PBXBuildFile; fileRef = 0891BC919AA2450E81C16D93 /* MBDBManifest.swift */; };
		3D9A822A8FFEC6765986F255 /* MBFileBlob.swift in Sources */ = {isa = PBXBuildFile; fileRef = F63167F7109495632C638455 /* MBFileBlob.swift */; };
		0331AFC575C298F5CD5B9046 /* ManifestStore.swift in Sources */ = {isa = PBXBuildFile; fileRef = 590719A37991943F005FE604 /* ManifestStore.swift */; };
		8599F4FC00683BED33CFEA2F /* MediaView.swift in Sources */ = {isa = PBXBuildFile; fileRef = F1405DB7C8287A4D6101F564 /* MediaView.swift */; };
		9616622130656E770045CB83 /* Minimuxer in Frameworks */ = {isa = PBXBuildFile; productRef = B6CC7F8101BD13AD344DBB86 /* Minimuxer */; };
		B06198A3C0B9019B6B550B38 /* NativeUI.swift in Sources */ = {isa = PBXBuildFile; fileRef = 026A78189155F5FE77680B38 /* NativeUI.swift */; };
		DBE66DE774B10E9BCB6F83BB /* NeoSpring.swift in Sources */ = {isa = PBXBuildFile; fileRef = AA27C52390517208AC1D83A6 /* NeoSpring.swift */; };
		B131B5D39A218B7F0A12FC3C /* NuggetApp.swift in Sources */ = {isa = PBXBuildFile; fileRef = CB5B064EBCC8C22AB174E0D2 /* NuggetApp.swift */; };
		674E2A808A58E5D3E7945CA2 /* PasscodeTheme.swift in Sources */ = {isa = PBXBuildFile; fileRef = 2BDD9DF9E26A827067A70118 /* PasscodeTheme.swift */; };
		5C0B68612965BB616DD71F88 /* PasscodeThemeView.swift in Sources */ = {isa = PBXBuildFile; fileRef = 0BE93548CC1372E18A63F5EB /* PasscodeThemeView.swift */; };
		8EFA230E330DA684FF98700A /* PosterBoard.swift in Sources */ = {isa = PBXBuildFile; fileRef = A1560E85808C2A01450AD4CD /* PosterBoard.swift */; };
		37514328D53B9DB4EB71EC7B /* PosterBoardAirlift.swift in Sources */ = {isa = PBXBuildFile; fileRef = B1C329362DD802CCA9CB45A2 /* PosterBoardAirlift.swift */; };
		70EC16B3D11CAD33E0C9271E /* PosterBoardApplyMode.swift in Sources */ = {isa = PBXBuildFile; fileRef = B4E281A018DC76B5AFE0A1E3 /* PosterBoardApplyMode.swift */; };
		05D914EAC38901911B35E6A4 /* PosterBoardBackup.swift in Sources */ = {isa = PBXBuildFile; fileRef = EA16FEAE810163E3FB58A973 /* PosterBoardBackup.swift */; };
		253460D5373547DC8032194A /* PosterBoardResources.swift in Sources */ = {isa = PBXBuildFile; fileRef = 24A6FCA64DAFCF3674497207 /* PosterBoardResources.swift */; };
		4B7673F854107FC11EB157C5 /* PosterBoardStore.swift in Sources */ = {isa = PBXBuildFile; fileRef = 7CBD070C52DD7281009B60B4 /* PosterBoardStore.swift */; };
		26E0D0C0DB2AED03EBB4708C /* PosterBoardTemplates.swift in Sources */ = {isa = PBXBuildFile; fileRef = 08CCA12F39D94B614A61B482 /* PosterBoardTemplates.swift */; };
		FA786E5D4A1B85135B773FBC /* PosterBoardTendie.swift in Sources */ = {isa = PBXBuildFile; fileRef = B611D828253F18B5A9CDFE0E /* PosterBoardTendie.swift */; };
		AA1E5E9A6CF388051D140AE3 /* PosterBoardVideo.swift in Sources */ = {isa = PBXBuildFile; fileRef = 2E1EF03EBDE439B7665BF877 /* PosterBoardVideo.swift */; };
		C3451315BB71389FE8DC092B /* PosterBoardView.swift in Sources */ = {isa = PBXBuildFile; fileRef = C4BE2466826B04C5BC5936DF /* PosterBoardView.swift */; };
		52F9CFD7A2DB9E90B4FE71D1 /* ProgressPulse.swift in Sources */ = {isa = PBXBuildFile; fileRef = 10F91169C201521D8C0F3B86 /* ProgressPulse.swift */; };
		8969C92A6ECADAC5DA057A58 /* ProtectiveBackup.swift in Sources */ = {isa = PBXBuildFile; fileRef = F2521FA7674D8EDC6F4DF724 /* ProtectiveBackup.swift */; };
		5A01780C82E541CA0340E0E0 /* ResetPagesSheet.swift in Sources */ = {isa = PBXBuildFile; fileRef = AD4EED31AD30A3DEA76C9577 /* ResetPagesSheet.swift */; };
		6260750CEB090F2A1CD8D4A4 /* RestoreRunner.swift in Sources */ = {isa = PBXBuildFile; fileRef = EABB4369B839C2CD9D0D7C98 /* RestoreRunner.swift */; };
		F5D525AC65BDB78E6965D133 /* RunLog.swift in Sources */ = {isa = PBXBuildFile; fileRef = 9E007DB1B5DADCC9E6394E17 /* RunLog.swift */; };
		1F9D75017051B138D2F29C38 /* RustLog.swift in Sources */ = {isa = PBXBuildFile; fileRef = 3811B9C088A0FF54B774F0FA /* RustLog.swift */; };
		27DCB00942E66E5D84EF3B6A /* SettingsView.swift in Sources */ = {isa = PBXBuildFile; fileRef = 9F72AE6CD4E8EC369A26D247 /* SettingsView.swift */; };
		37BDA4DA7B3732D698F924F2 /* SkipSetup.swift in Sources */ = {isa = PBXBuildFile; fileRef = 61C13914645FB209708711B0 /* SkipSetup.swift */; };
		406691A53A3755BE7434B389 /* SkipSetupCatalog.swift in Sources */ = {isa = PBXBuildFile; fileRef = B71CFF2C640582DC97E891A3 /* SkipSetupCatalog.swift */; };
		3EC01C63F03C83569AE193A6 /* SkipSetupSettings.swift in Sources */ = {isa = PBXBuildFile; fileRef = AA5B1026029FABF4BBD94979 /* SkipSetupSettings.swift */; };
		88BF13A4B64876644E9B178D /* StallGuard.swift in Sources */ = {isa = PBXBuildFile; fileRef = 989555D74B847B3F468BC1DC /* StallGuard.swift */; };
		6CDDFBA4BCD5B8146BD1AB8E /* StatusBarArchive.swift in Sources */ = {isa = PBXBuildFile; fileRef = 87F95B42B6AACCE131FAEED6 /* StatusBarArchive.swift */; };
		122ED6EE7845648380FB17A4 /* StatusBarModel.swift in Sources */ = {isa = PBXBuildFile; fileRef = 63E8852814BA761E602CA1AF /* StatusBarModel.swift */; };
		827B148A2DDB3B15D9072BB2 /* StatusBarSelection.swift in Sources */ = {isa = PBXBuildFile; fileRef = BD3E97EAC80C591A18711C71 /* StatusBarSelection.swift */; };
		2D2A8FB0ED27100E0E426F46 /* StatusBarView.swift in Sources */ = {isa = PBXBuildFile; fileRef = F6E0C270A0BC03644A2E21A7 /* StatusBarView.swift */; };
		495EAECFEA30AF8C2A6C9BF0 /* TransportFailure.swift in Sources */ = {isa = PBXBuildFile; fileRef = 7270E65A4703F9C0AB9AA65F /* TransportFailure.swift */; };
		37ED7E92BD392586B1D0A4DF /* Tunnel.swift in Sources */ = {isa = PBXBuildFile; fileRef = 9D1BC98037C6BDC8AF58496B /* Tunnel.swift */; };
		4E0010FD17DF55D881CB25AA /* TweakCatalog.swift in Sources */ = {isa = PBXBuildFile; fileRef = 77B7AF6A5B6F051A9CA68A4D /* TweakCatalog.swift */; };
		2E8EE1BA2040A369F85AE3F3 /* TweakCatalogDaemons.swift in Sources */ = {isa = PBXBuildFile; fileRef = CEC4576E97290242BE461F36 /* TweakCatalogDaemons.swift */; };
		701F631AFAECD47690B8FB7D /* TweakCompiler.swift in Sources */ = {isa = PBXBuildFile; fileRef = 17F2C43731423B70CB6C4334 /* TweakCompiler.swift */; };
		B455D7BEF37CFB628AB7865C /* TweakDomainMap.swift in Sources */ = {isa = PBXBuildFile; fileRef = 9346ED8851E31EE614F7302D /* TweakDomainMap.swift */; };
		6EAA0BD3E97DAA974DBCCAF4 /* TweakInjector.swift in Sources */ = {isa = PBXBuildFile; fileRef = 5115129235D0DAF38C497A28 /* TweakInjector.swift */; };
		28E9216B55D8DB6B7F1F4AF6 /* TweakModel.swift in Sources */ = {isa = PBXBuildFile; fileRef = 980679A3C896C7012DDD8F66 /* TweakModel.swift */; };
		33FB94F9FE3904D2BB7AAC79 /* TweakReset.swift in Sources */ = {isa = PBXBuildFile; fileRef = 3EF249B17F02AC4241B04711 /* TweakReset.swift */; };
		547AFD63F883C35F60A96328 /* TweakRow.swift in Sources */ = {isa = PBXBuildFile; fileRef = A77000F278E3D52579527931 /* TweakRow.swift */; };
		1F4598565EB3ECC262843292 /* TweaksView.swift in Sources */ = {isa = PBXBuildFile; fileRef = FB4799584FF11C9BF5BE59FF /* TweaksView.swift */; };
		000FAF790458B28656C889EC /* WalletCardSkin.swift in Sources */ = {isa = PBXBuildFile; fileRef = 298990634724C9BD09173CA1 /* WalletCardSkin.swift */; };
		ECD7D52EB2E2A917AD10DA1B /* WallpaperCatalog.swift in Sources */ = {isa = PBXBuildFile; fileRef = DB6025DBAF0F3EF2776275EA /* WallpaperCatalog.swift */; };
		6221A776D615BE90DC7D1087 /* WallpaperDownloadsView.swift in Sources */ = {isa = PBXBuildFile; fileRef = 7A229431CAFD897F1ECB6630 /* WallpaperDownloadsView.swift */; };
		F8CA987268AFEEE27B32C442 /* WalletView.swift in Sources */ = {isa = PBXBuildFile; fileRef = 68FD81B29996DD807BDD0A8E /* WalletView.swift */; };
		91AEAC90A50A9A1D472D0FDA /* WebKit.framework in Frameworks */ = {isa = PBXBuildFile; fileRef = 96D6AABAE44982B09FFA8F97 /* WebKit.framework */; };
		637D690748869293AAB5B9C8 /* WireCensus.swift in Sources */ = {isa = PBXBuildFile; fileRef = 343E173B6BF30E9113DD3CA4 /* WireCensus.swift */; };
		46D5344DC490FE396B462855 /* WirelessPairing.swift in Sources */ = {isa = PBXBuildFile; fileRef = 4F6F22CBA7BA5C472D320DE4 /* WirelessPairing.swift */; };
		E801AE73005EB73126FC4367 /* libsqlite3.tbd in Frameworks */ = {isa = PBXBuildFile; fileRef = 92FE9028690931EFD26A8AFF /* libsqlite3.tbd */; };
/* End PBXBuildFile section */

/* Begin PBXFileReference section */
		2C423B2BB4DB06ECED0B5F73 /* AfcFileExplorer.swift */ = {isa = PBXFileReference; lastKnownFileType = sourcecode.swift; path = AfcFileExplorer.swift; sourceTree = "<group>"; };
		AC6D8068D586482F477E4CF0 /* AfcMediaBackup.swift */ = {isa = PBXFileReference; lastKnownFileType = sourcecode.swift; path = AfcMediaBackup.swift; sourceTree = "<group>"; };
		AC71F3A12E4B4C0A9D51B7C8 /* Airlift.swift */ = {isa = PBXFileReference; lastKnownFileType = sourcecode.swift; path = Airlift.swift; sourceTree = "<group>"; };
		6596FEFE7216F1A02B1924D7 /* AirliftPairing.swift */ = {isa = PBXFileReference; lastKnownFileType = sourcecode.swift; path = AirliftPairing.swift; sourceTree = "<group>"; };
		784977FF7125F784FA4547E2 /* Alert++.swift */ = {isa = PBXFileReference; lastKnownFileType = sourcecode.swift; path = "Alert++.swift"; sourceTree = "<group>"; };
		91396F621D29D7FA9600BD21 /* AppPaths.swift */ = {isa = PBXFileReference; lastKnownFileType = sourcecode.swift; path = AppPaths.swift; sourceTree = "<group>"; };
		FDCF91FEC1CCE1B24D2BB264 /* AppShell.swift */ = {isa = PBXFileReference; lastKnownFileType = sourcecode.swift; path = AppShell.swift; sourceTree = "<group>"; };
		A1C0DE5E7B4F6A3C8D2E1907 /* Assets.xcassets */ = {isa = PBXFileReference; lastKnownFileType = folder.assetcatalog; path = Assets.xcassets; sourceTree = "<group>"; };
		A1C0DE5E7B4F6A3C8D2E190A /* Assets.xcassets/AppIcon.icon */ = {isa = PBXFileReference; lastKnownFileType = folder.iconcomposer.icon; path = Assets.xcassets/AppIcon.icon; sourceTree = "<group>"; };
		BAC71EBF95E1574B88783B6B /* AsyncRacing.swift */ = {isa = PBXFileReference; lastKnownFileType = sourcecode.swift; path = AsyncRacing.swift; sourceTree = "<group>"; };
		E9512D830DC6552FBC02D519 /* AutoSaveBootstrap.swift */ = {isa = PBXFileReference; lastKnownFileType = sourcecode.swift; path = AutoSaveBootstrap.swift; sourceTree = "<group>"; };
		E3B0606577F22DD11B401E93 /* BackupInjector.swift */ = {isa = PBXFileReference; lastKnownFileType = sourcecode.swift; path = BackupInjector.swift; sourceTree = "<group>"; };
		6049D8D015CF48961C744709 /* ChannelRecovery.swift */ = {isa = PBXFileReference; lastKnownFileType = sourcecode.swift; path = ChannelRecovery.swift; sourceTree = "<group>"; };
		554F3E8B6811996F0E9B14BF /* DaemonsView.swift */ = {isa = PBXFileReference; lastKnownFileType = sourcecode.swift; path = DaemonsView.swift; sourceTree = "<group>"; };
		EAA16F4B5AB181B1CF4CE3E1 /* DevSettings.swift */ = {isa = PBXFileReference; lastKnownFileType = sourcecode.swift; path = DevSettings.swift; sourceTree = "<group>"; };
		A2F7065D06BCC3DD26401D93 /* DeviceIdentity.swift */ = {isa = PBXFileReference; lastKnownFileType = sourcecode.swift; path = DeviceIdentity.swift; sourceTree = "<group>"; };
		6E11FBF9A047B56F2E66E5FD /* Diagnostics.swift */ = {isa = PBXFileReference; lastKnownFileType = sourcecode.swift; path = Diagnostics.swift; sourceTree = "<group>"; };
		7C1F0A9E5D3B4E6FA8C210D1 /* EMProxy.framework */ = {isa = PBXFileReference; lastKnownFileType = wrapper.framework; name = EMProxy.framework; path = "Vendor/EMProxy-dynamic.xcframework/ios-arm64/EMProxy.framework"; sourceTree = SOURCE_ROOT; };
		4E2884CFA985B6561938C066 /* Extensions.swift */ = {isa = PBXFileReference; lastKnownFileType = sourcecode.swift; path = Extensions.swift; sourceTree = "<group>"; };
		E5FAB0C4930AF5551C47DEAD /* FilesView.swift */ = {isa = PBXFileReference; lastKnownFileType = sourcecode.swift; path = FilesView.swift; sourceTree = "<group>"; };
		A9376FB58D1DA358A075B8DD /* GoldenComponents.swift */ = {isa = PBXFileReference; lastKnownFileType = sourcecode.swift; path = GoldenComponents.swift; sourceTree = "<group>"; };
		620C48822AEE820170AF577B /* GoldenNuggetAutosave.swift */ = {isa = PBXFileReference; lastKnownFileType = sourcecode.swift; path = GoldenNuggetAutosave.swift; sourceTree = "<group>"; };
		680BEDC6838E13FA5AEE059E /* GoldenNuggetEngine.swift */ = {isa = PBXFileReference; lastKnownFileType = sourcecode.swift; path = GoldenNuggetEngine.swift; sourceTree = "<group>"; };
		58A0011193A068B87B3F76BA /* GoldenNuggetMobile.app */ = {isa = PBXFileReference; explicitFileType = wrapper.application; includeInIndex = 0; path = GoldenNuggetMobile.app; sourceTree = BUILT_PRODUCTS_DIR; };
		37369801556192F20D0DF2D8 /* GoldenNuggetPreset.swift */ = {isa = PBXFileReference; lastKnownFileType = sourcecode.swift; path = GoldenNuggetPreset.swift; sourceTree = "<group>"; };
		F4432398FF02541D88F5E11B /* GoldenNuggetView.swift */ = {isa = PBXFileReference; lastKnownFileType = sourcecode.swift; path = GoldenNuggetView.swift; sourceTree = "<group>"; };
		85A3D093FF4C72DC8FA10411 /* GoldenTheme.swift */ = {isa = PBXFileReference; lastKnownFileType = sourcecode.swift; path = GoldenTheme.swift; sourceTree = "<group>"; };
		5D8F3D3ADE8DD40A0B221EFF /* GrappaToken.swift */ = {isa = PBXFileReference; lastKnownFileType = sourcecode.swift; path = GrappaToken.swift; sourceTree = "<group>"; };
		1586D9A781CB24F33910162E /* HostManifests.swift */ = {isa = PBXFileReference; lastKnownFileType = sourcecode.swift; path = HostManifests.swift; sourceTree = "<group>"; };
		A5DC362DFE508D1A75B921BC /* InFlightCall.swift */ = {isa = PBXFileReference; lastKnownFileType = sourcecode.swift; path = InFlightCall.swift; sourceTree = "<group>"; };
		4DA93A177C8D1537F0522DAD /* Logging.swift */ = {isa = PBXFileReference; lastKnownFileType = sourcecode.swift; path = Logging.swift; sourceTree = "<group>"; };
		0891BC919AA2450E81C16D93 /* MBDBManifest.swift */ = {isa = PBXFileReference; lastKnownFileType = sourcecode.swift; path = MBDBManifest.swift; sourceTree = "<group>"; };
		F63167F7109495632C638455 /* MBFileBlob.swift */ = {isa = PBXFileReference; lastKnownFileType = sourcecode.swift; path = MBFileBlob.swift; sourceTree = "<group>"; };
		590719A37991943F005FE604 /* ManifestStore.swift */ = {isa = PBXFileReference; lastKnownFileType = sourcecode.swift; path = ManifestStore.swift; sourceTree = "<group>"; };
		F1405DB7C8287A4D6101F564 /* MediaView.swift */ = {isa = PBXFileReference; lastKnownFileType = sourcecode.swift; path = MediaView.swift; sourceTree = "<group>"; };
		026A78189155F5FE77680B38 /* NativeUI.swift */ = {isa = PBXFileReference; lastKnownFileType = sourcecode.swift; path = NativeUI.swift; sourceTree = "<group>"; };
		AA27C52390517208AC1D83A6 /* NeoSpring.swift */ = {isa = PBXFileReference; lastKnownFileType = sourcecode.swift; path = NeoSpring.swift; sourceTree = "<group>"; };
		CB5B064EBCC8C22AB174E0D2 /* NuggetApp.swift */ = {isa = PBXFileReference; lastKnownFileType = sourcecode.swift; path = NuggetApp.swift; sourceTree = "<group>"; };
		2BDD9DF9E26A827067A70118 /* PasscodeTheme.swift */ = {isa = PBXFileReference; lastKnownFileType = sourcecode.swift; path = PasscodeTheme.swift; sourceTree = "<group>"; };
		0BE93548CC1372E18A63F5EB /* PasscodeThemeView.swift */ = {isa = PBXFileReference; lastKnownFileType = sourcecode.swift; path = PasscodeThemeView.swift; sourceTree = "<group>"; };
		A1560E85808C2A01450AD4CD /* PosterBoard.swift */ = {isa = PBXFileReference; lastKnownFileType = sourcecode.swift; path = PosterBoard.swift; sourceTree = "<group>"; };
		B1C329362DD802CCA9CB45A2 /* PosterBoardAirlift.swift */ = {isa = PBXFileReference; lastKnownFileType = sourcecode.swift; path = PosterBoardAirlift.swift; sourceTree = "<group>"; };
		B4E281A018DC76B5AFE0A1E3 /* PosterBoardApplyMode.swift */ = {isa = PBXFileReference; lastKnownFileType = sourcecode.swift; path = PosterBoardApplyMode.swift; sourceTree = "<group>"; };
		EA16FEAE810163E3FB58A973 /* PosterBoardBackup.swift */ = {isa = PBXFileReference; lastKnownFileType = sourcecode.swift; path = PosterBoardBackup.swift; sourceTree = "<group>"; };
		24A6FCA64DAFCF3674497207 /* PosterBoardResources.swift */ = {isa = PBXFileReference; lastKnownFileType = sourcecode.swift; path = PosterBoardResources.swift; sourceTree = "<group>"; };
		7CBD070C52DD7281009B60B4 /* PosterBoardStore.swift */ = {isa = PBXFileReference; lastKnownFileType = sourcecode.swift; path = PosterBoardStore.swift; sourceTree = "<group>"; };
		08CCA12F39D94B614A61B482 /* PosterBoardTemplates.swift */ = {isa = PBXFileReference; lastKnownFileType = sourcecode.swift; path = PosterBoardTemplates.swift; sourceTree = "<group>"; };
		B611D828253F18B5A9CDFE0E /* PosterBoardTendie.swift */ = {isa = PBXFileReference; lastKnownFileType = sourcecode.swift; path = PosterBoardTendie.swift; sourceTree = "<group>"; };
		2E1EF03EBDE439B7665BF877 /* PosterBoardVideo.swift */ = {isa = PBXFileReference; lastKnownFileType = sourcecode.swift; path = PosterBoardVideo.swift; sourceTree = "<group>"; };
		C4BE2466826B04C5BC5936DF /* PosterBoardView.swift */ = {isa = PBXFileReference; lastKnownFileType = sourcecode.swift; path = PosterBoardView.swift; sourceTree = "<group>"; };
		10F91169C201521D8C0F3B86 /* ProgressPulse.swift */ = {isa = PBXFileReference; lastKnownFileType = sourcecode.swift; path = ProgressPulse.swift; sourceTree = "<group>"; };
		F2521FA7674D8EDC6F4DF724 /* ProtectiveBackup.swift */ = {isa = PBXFileReference; lastKnownFileType = sourcecode.swift; path = ProtectiveBackup.swift; sourceTree = "<group>"; };
		AD4EED31AD30A3DEA76C9577 /* ResetPagesSheet.swift */ = {isa = PBXFileReference; lastKnownFileType = sourcecode.swift; path = ResetPagesSheet.swift; sourceTree = "<group>"; };
		EABB4369B839C2CD9D0D7C98 /* RestoreRunner.swift */ = {isa = PBXFileReference; lastKnownFileType = sourcecode.swift; path = RestoreRunner.swift; sourceTree = "<group>"; };
		9E007DB1B5DADCC9E6394E17 /* RunLog.swift */ = {isa = PBXFileReference; lastKnownFileType = sourcecode.swift; path = RunLog.swift; sourceTree = "<group>"; };
		3811B9C088A0FF54B774F0FA /* RustLog.swift */ = {isa = PBXFileReference; lastKnownFileType = sourcecode.swift; path = RustLog.swift; sourceTree = "<group>"; };
		9F72AE6CD4E8EC369A26D247 /* SettingsView.swift */ = {isa = PBXFileReference; lastKnownFileType = sourcecode.swift; path = SettingsView.swift; sourceTree = "<group>"; };
		61C13914645FB209708711B0 /* SkipSetup.swift */ = {isa = PBXFileReference; lastKnownFileType = sourcecode.swift; path = SkipSetup.swift; sourceTree = "<group>"; };
		B71CFF2C640582DC97E891A3 /* SkipSetupCatalog.swift */ = {isa = PBXFileReference; lastKnownFileType = sourcecode.swift; path = SkipSetupCatalog.swift; sourceTree = "<group>"; };
		AA5B1026029FABF4BBD94979 /* SkipSetupSettings.swift */ = {isa = PBXFileReference; lastKnownFileType = sourcecode.swift; path = SkipSetupSettings.swift; sourceTree = "<group>"; };
		989555D74B847B3F468BC1DC /* StallGuard.swift */ = {isa = PBXFileReference; lastKnownFileType = sourcecode.swift; path = StallGuard.swift; sourceTree = "<group>"; };
		87F95B42B6AACCE131FAEED6 /* StatusBarArchive.swift */ = {isa = PBXFileReference; lastKnownFileType = sourcecode.swift; path = StatusBarArchive.swift; sourceTree = "<group>"; };
		63E8852814BA761E602CA1AF /* StatusBarModel.swift */ = {isa = PBXFileReference; lastKnownFileType = sourcecode.swift; path = StatusBarModel.swift; sourceTree = "<group>"; };
		BD3E97EAC80C591A18711C71 /* StatusBarSelection.swift */ = {isa = PBXFileReference; lastKnownFileType = sourcecode.swift; path = StatusBarSelection.swift; sourceTree = "<group>"; };
		F6E0C270A0BC03644A2E21A7 /* StatusBarView.swift */ = {isa = PBXFileReference; lastKnownFileType = sourcecode.swift; path = StatusBarView.swift; sourceTree = "<group>"; };
		7270E65A4703F9C0AB9AA65F /* TransportFailure.swift */ = {isa = PBXFileReference; lastKnownFileType = sourcecode.swift; path = TransportFailure.swift; sourceTree = "<group>"; };
		9D1BC98037C6BDC8AF58496B /* Tunnel.swift */ = {isa = PBXFileReference; lastKnownFileType = sourcecode.swift; path = Tunnel.swift; sourceTree = "<group>"; };
		77B7AF6A5B6F051A9CA68A4D /* TweakCatalog.swift */ = {isa = PBXFileReference; lastKnownFileType = sourcecode.swift; path = TweakCatalog.swift; sourceTree = "<group>"; };
		CEC4576E97290242BE461F36 /* TweakCatalogDaemons.swift */ = {isa = PBXFileReference; lastKnownFileType = sourcecode.swift; path = TweakCatalogDaemons.swift; sourceTree = "<group>"; };
		17F2C43731423B70CB6C4334 /* TweakCompiler.swift */ = {isa = PBXFileReference; lastKnownFileType = sourcecode.swift; path = TweakCompiler.swift; sourceTree = "<group>"; };
		9346ED8851E31EE614F7302D /* TweakDomainMap.swift */ = {isa = PBXFileReference; lastKnownFileType = sourcecode.swift; path = TweakDomainMap.swift; sourceTree = "<group>"; };
		5115129235D0DAF38C497A28 /* TweakInjector.swift */ = {isa = PBXFileReference; lastKnownFileType = sourcecode.swift; path = TweakInjector.swift; sourceTree = "<group>"; };
		980679A3C896C7012DDD8F66 /* TweakModel.swift */ = {isa = PBXFileReference; lastKnownFileType = sourcecode.swift; path = TweakModel.swift; sourceTree = "<group>"; };
		3EF249B17F02AC4241B04711 /* TweakReset.swift */ = {isa = PBXFileReference; lastKnownFileType = sourcecode.swift; path = TweakReset.swift; sourceTree = "<group>"; };
		A77000F278E3D52579527931 /* TweakRow.swift */ = {isa = PBXFileReference; lastKnownFileType = sourcecode.swift; path = TweakRow.swift; sourceTree = "<group>"; };
		FB4799584FF11C9BF5BE59FF /* TweaksView.swift */ = {isa = PBXFileReference; lastKnownFileType = sourcecode.swift; path = TweaksView.swift; sourceTree = "<group>"; };
		6AB24A4C7742CD2E32B8F55D /* Vendor */ = {isa = PBXFileReference; lastKnownFileType = folder; path = Vendor; sourceTree = SOURCE_ROOT; };
		298990634724C9BD09173CA1 /* WalletCardSkin.swift */ = {isa = PBXFileReference; lastKnownFileType = sourcecode.swift; path = WalletCardSkin.swift; sourceTree = "<group>"; };
		DB6025DBAF0F3EF2776275EA /* WallpaperCatalog.swift */ = {isa = PBXFileReference; lastKnownFileType = sourcecode.swift; path = WallpaperCatalog.swift; sourceTree = "<group>"; };
		7A229431CAFD897F1ECB6630 /* WallpaperDownloadsView.swift */ = {isa = PBXFileReference; lastKnownFileType = sourcecode.swift; path = WallpaperDownloadsView.swift; sourceTree = "<group>"; };
		68FD81B29996DD807BDD0A8E /* WalletView.swift */ = {isa = PBXFileReference; lastKnownFileType = sourcecode.swift; path = WalletView.swift; sourceTree = "<group>"; };
		96D6AABAE44982B09FFA8F97 /* WebKit.framework */ = {isa = PBXFileReference; lastKnownFileType = wrapper.framework; name = WebKit.framework; path = System/Library/Frameworks/WebKit.framework; sourceTree = SDKROOT; };
		343E173B6BF30E9113DD3CA4 /* WireCensus.swift */ = {isa = PBXFileReference; lastKnownFileType = sourcecode.swift; path = WireCensus.swift; sourceTree = "<group>"; };
		4F6F22CBA7BA5C472D320DE4 /* WirelessPairing.swift */ = {isa = PBXFileReference; lastKnownFileType = sourcecode.swift; path = WirelessPairing.swift; sourceTree = "<group>"; };
		92FE9028690931EFD26A8AFF /* libsqlite3.tbd */ = {isa = PBXFileReference; lastKnownFileType = "sourcecode.text-based-dylib-definition"; name = libsqlite3.tbd; path = usr/lib/libsqlite3.tbd; sourceTree = SDKROOT; };
/* End PBXFileReference section */

/* Begin PBXFrameworksBuildPhase section */
		286D0E51B82DA2556E7A1D56 /* Frameworks */ = {
			isa = PBXFrameworksBuildPhase;
			buildActionMask = 2147483647;
			files = (
				9616622130656E770045CB83 /* Minimuxer in Frameworks */,
				E801AE73005EB73126FC4367 /* libsqlite3.tbd in Frameworks */,
				91AEAC90A50A9A1D472D0FDA /* WebKit.framework in Frameworks */,
			);
			runOnlyForDeploymentPostprocessing = 0;
		};
/* End PBXFrameworksBuildPhase section */

/* Begin PBXGroup section */
		02669CF2D6ADE71EA0143B46 /* Applications */ = {
			isa = PBXGroup;
			children = (
				C7D3FB037CA93454D757DB01 /* GoldenNuggetMobile.app */,
			);
			path = Applications;
			sourceTree = "<group>";
		};
		02718FE4F507CDB13D3AC30F /* Core */ = {
			isa = PBXGroup;
			children = (
				2C423B2BB4DB06ECED0B5F73 /* AfcFileExplorer.swift */,
				AC6D8068D586482F477E4CF0 /* AfcMediaBackup.swift */,
				AC71F3A12E4B4C0A9D51B7C8 /* Airlift.swift */,
				6596FEFE7216F1A02B1924D7 /* AirliftPairing.swift */,
				91396F621D29D7FA9600BD21 /* AppPaths.swift */,
				BAC71EBF95E1574B88783B6B /* AsyncRacing.swift */,
				E9512D830DC6552FBC02D519 /* AutoSaveBootstrap.swift */,
				E3B0606577F22DD11B401E93 /* BackupInjector.swift */,
				6049D8D015CF48961C744709 /* ChannelRecovery.swift */,
				EAA16F4B5AB181B1CF4CE3E1 /* DevSettings.swift */,
				A2F7065D06BCC3DD26401D93 /* DeviceIdentity.swift */,
				6E11FBF9A047B56F2E66E5FD /* Diagnostics.swift */,
				620C48822AEE820170AF577B /* GoldenNuggetAutosave.swift */,
				680BEDC6838E13FA5AEE059E /* GoldenNuggetEngine.swift */,
				37369801556192F20D0DF2D8 /* GoldenNuggetPreset.swift */,
				5D8F3D3ADE8DD40A0B221EFF /* GrappaToken.swift */,
				1586D9A781CB24F33910162E /* HostManifests.swift */,
				A5DC362DFE508D1A75B921BC /* InFlightCall.swift */,
				4DA93A177C8D1537F0522DAD /* Logging.swift */,
				0891BC919AA2450E81C16D93 /* MBDBManifest.swift */,
				F63167F7109495632C638455 /* MBFileBlob.swift */,
				590719A37991943F005FE604 /* ManifestStore.swift */,
				AA27C52390517208AC1D83A6 /* NeoSpring.swift */,
				2BDD9DF9E26A827067A70118 /* PasscodeTheme.swift */,
				A1560E85808C2A01450AD4CD /* PosterBoard.swift */,
				B1C329362DD802CCA9CB45A2 /* PosterBoardAirlift.swift */,
				B4E281A018DC76B5AFE0A1E3 /* PosterBoardApplyMode.swift */,
				EA16FEAE810163E3FB58A973 /* PosterBoardBackup.swift */,
				24A6FCA64DAFCF3674497207 /* PosterBoardResources.swift */,
				7CBD070C52DD7281009B60B4 /* PosterBoardStore.swift */,
				08CCA12F39D94B614A61B482 /* PosterBoardTemplates.swift */,
				B611D828253F18B5A9CDFE0E /* PosterBoardTendie.swift */,
				2E1EF03EBDE439B7665BF877 /* PosterBoardVideo.swift */,
				10F91169C201521D8C0F3B86 /* ProgressPulse.swift */,
				F2521FA7674D8EDC6F4DF724 /* ProtectiveBackup.swift */,
				EABB4369B839C2CD9D0D7C98 /* RestoreRunner.swift */,
				3811B9C088A0FF54B774F0FA /* RustLog.swift */,
				61C13914645FB209708711B0 /* SkipSetup.swift */,
				B71CFF2C640582DC97E891A3 /* SkipSetupCatalog.swift */,
				AA5B1026029FABF4BBD94979 /* SkipSetupSettings.swift */,
				989555D74B847B3F468BC1DC /* StallGuard.swift */,
				87F95B42B6AACCE131FAEED6 /* StatusBarArchive.swift */,
				63E8852814BA761E602CA1AF /* StatusBarModel.swift */,
				BD3E97EAC80C591A18711C71 /* StatusBarSelection.swift */,
				7270E65A4703F9C0AB9AA65F /* TransportFailure.swift */,
				77B7AF6A5B6F051A9CA68A4D /* TweakCatalog.swift */,
				CEC4576E97290242BE461F36 /* TweakCatalogDaemons.swift */,
				17F2C43731423B70CB6C4334 /* TweakCompiler.swift */,
				9346ED8851E31EE614F7302D /* TweakDomainMap.swift */,
				5115129235D0DAF38C497A28 /* TweakInjector.swift */,
				980679A3C896C7012DDD8F66 /* TweakModel.swift */,
				3EF249B17F02AC4241B04711 /* TweakReset.swift */,
				298990634724C9BD09173CA1 /* WalletCardSkin.swift */,
				DB6025DBAF0F3EF2776275EA /* WallpaperCatalog.swift */,
				343E173B6BF30E9113DD3CA4 /* WireCensus.swift */,
				4F6F22CBA7BA5C472D320DE4 /* WirelessPairing.swift */,
			);
			path = Core;
			sourceTree = "<group>";
		};
		05AB2DA757F5300B516D1206 = {
			isa = PBXGroup;
			children = (
				BB50314F29953E1ED66CFD53 /* layout */,
				0F9A4C47E10A06BD2A4CA52A /* Nugget */,
				7876B3B26D9E586E71D7C52F /* Packages */,
				97E9B8C056917EBC62695D5E /* Frameworks */,
				AA0EDB9294503E2A4D9A6E46 /* Products */,
			);
			sourceTree = "<group>";
		};
		0F9A4C47E10A06BD2A4CA52A /* Nugget */ = {
			isa = PBXGroup;
			children = (
				02718FE4F507CDB13D3AC30F /* Core */,
				F0FBC047EB63ED56313CBF0A /* Extensions */,
				B444A43510A1B7A42A8D5A32 /* Views */,
				CB5B064EBCC8C22AB174E0D2 /* NuggetApp.swift */,
				9D1BC98037C6BDC8AF58496B /* Tunnel.swift */,
			);
			path = Nugget;
			sourceTree = "<group>";
		};
		7876B3B26D9E586E71D7C52F /* Packages */ = {
			isa = PBXGroup;
			children = (
				6AB24A4C7742CD2E32B8F55D /* Vendor */,
			);
			name = Packages;
			sourceTree = "<group>";
		};
		97E9B8C056917EBC62695D5E /* Frameworks */ = {
			isa = PBXGroup;
			children = (
				7C1F0A9E5D3B4E6FA8C210D1 /* EMProxy.framework */,
				92FE9028690931EFD26A8AFF /* libsqlite3.tbd */,
				96D6AABAE44982B09FFA8F97 /* WebKit.framework */,
			);
			name = Frameworks;
			sourceTree = "<group>";
		};
		AA0EDB9294503E2A4D9A6E46 /* Products */ = {
			isa = PBXGroup;
			children = (
				58A0011193A068B87B3F76BA /* GoldenNuggetMobile.app */,
			);
			name = Products;
			sourceTree = "<group>";
		};
		B444A43510A1B7A42A8D5A32 /* Views */ = {
			isa = PBXGroup;
			children = (
				FDCF91FEC1CCE1B24D2BB264 /* AppShell.swift */,
				554F3E8B6811996F0E9B14BF /* DaemonsView.swift */,
				E5FAB0C4930AF5551C47DEAD /* FilesView.swift */,
				A9376FB58D1DA358A075B8DD /* GoldenComponents.swift */,
				F4432398FF02541D88F5E11B /* GoldenNuggetView.swift */,
				85A3D093FF4C72DC8FA10411 /* GoldenTheme.swift */,
				F1405DB7C8287A4D6101F564 /* MediaView.swift */,
				026A78189155F5FE77680B38 /* NativeUI.swift */,
				0BE93548CC1372E18A63F5EB /* PasscodeThemeView.swift */,
				C4BE2466826B04C5BC5936DF /* PosterBoardView.swift */,
				AD4EED31AD30A3DEA76C9577 /* ResetPagesSheet.swift */,
				9E007DB1B5DADCC9E6394E17 /* RunLog.swift */,
				9F72AE6CD4E8EC369A26D247 /* SettingsView.swift */,
				F6E0C270A0BC03644A2E21A7 /* StatusBarView.swift */,
				A77000F278E3D52579527931 /* TweakRow.swift */,
				FB4799584FF11C9BF5BE59FF /* TweaksView.swift */,
				7A229431CAFD897F1ECB6630 /* WallpaperDownloadsView.swift */,
				68FD81B29996DD807BDD0A8E /* WalletView.swift */,
			);
			path = Views;
			sourceTree = "<group>";
		};
		BB50314F29953E1ED66CFD53 /* layout */ = {
			isa = PBXGroup;
			children = (
				02669CF2D6ADE71EA0143B46 /* Applications */,
			);
			path = layout;
			sourceTree = "<group>";
		};
		C7D3FB037CA93454D757DB01 /* GoldenNuggetMobile.app */ = {
			isa = PBXGroup;
			children = (
				A1C0DE5E7B4F6A3C8D2E1907 /* Assets.xcassets */,
				A1C0DE5E7B4F6A3C8D2E190A /* Assets.xcassets/AppIcon.icon */,
			);
			path = GoldenNuggetMobile.app;
			sourceTree = "<group>";
		};
		F0FBC047EB63ED56313CBF0A /* Extensions */ = {
			isa = PBXGroup;
			children = (
				784977FF7125F784FA4547E2 /* Alert++.swift */,
				4E2884CFA985B6561938C066 /* Extensions.swift */,
			);
			path = Extensions;
			sourceTree = "<group>";
		};
/* End PBXGroup section */

/* Begin PBXNativeTarget section */
		3814067802951A29B1A55FCB /* GoldenNuggetMobile */ = {
			isa = PBXNativeTarget;
			buildConfigurationList = 533CE9A0FB4E99D6B963BE28 /* Build configuration list for PBXNativeTarget "GoldenNuggetMobile" */;
			buildPhases = (
				50573C24C930F1E1B523AA1D /* Sources */,
				7BC289958C55848CD5B900BB /* Resources */,
				286D0E51B82DA2556E7A1D56 /* Frameworks */,
			);
			buildRules = (
			);
			dependencies = (
			);
			name = GoldenNuggetMobile;
			packageProductDependencies = (
				B6CC7F8101BD13AD344DBB86 /* Minimuxer */,
				B6CC7F8101BD13AD344DBB87 /* ZIPFoundation */,
				B6CC7F8101BD13AD344DBB88 /* AirliftFFI */,
			);
			productName = GoldenNuggetMobile;
			productReference = 58A0011193A068B87B3F76BA /* GoldenNuggetMobile.app */;
			productType = "com.apple.product-type.application";
		};
/* End PBXNativeTarget section */

/* Begin PBXProject section */
		8C97354E7A4E3C650B028CF0 /* Project object */ = {
			isa = PBXProject;
			attributes = {
				BuildIndependentTargetsInParallel = YES;
				LastUpgradeCheck = 1430;
			};
			buildConfigurationList = FC0EFF92A308D7BDF12E8753 /* Build configuration list for PBXProject "GoldenNuggetMobile" */;
			developmentRegion = en;
			hasScannedForEncodings = 0;
			knownRegions = (
				Base,
				en,
			);
			mainGroup = 05AB2DA757F5300B516D1206;
			minimizedProjectReferenceProxies = 1;
			packageReferences = (
				632670CB758C838C1C55C9EC /* XCLocalSwiftPackageReference "Vendor" */,
			);
			preferredProjectObjectVersion = 77;
			productRefGroup = AA0EDB9294503E2A4D9A6E46 /* Products */;
			projectDirPath = "";
			projectRoot = "";
			targets = (
				3814067802951A29B1A55FCB /* GoldenNuggetMobile */,
			);
		};
/* End PBXProject section */

/* Begin PBXResourcesBuildPhase section */
		7BC289958C55848CD5B900BB /* Resources */ = {
			isa = PBXResourcesBuildPhase;
			buildActionMask = 2147483647;
			files = (
				A1C0DE5E7B4F6A3C8D2E1908 /* Assets.xcassets in Resources */,
				A1C0DE5E7B4F6A3C8D2E1909 /* Assets.xcassets/AppIcon.icon in Resources */,
			);
			runOnlyForDeploymentPostprocessing = 0;
		};
/* End PBXResourcesBuildPhase section */

/* Begin PBXSourcesBuildPhase section */
		50573C24C930F1E1B523AA1D /* Sources */ = {
			isa = PBXSourcesBuildPhase;
			buildActionMask = 2147483647;
			files = (
				3C77F32162E7F459FFB57B7D /* AfcFileExplorer.swift in Sources */,
				B7AF9075663AA9789413D094 /* AfcMediaBackup.swift in Sources */,
				AC71F3A22E4B4C0A9D51B7C8 /* Airlift.swift in Sources */,
				4CFE9ACC1963E95C6B7220A8 /* AirliftPairing.swift in Sources */,
				EB8E79099013C10B8DFFC15C /* Alert++.swift in Sources */,
				484D0347B41ADB35555A017F /* AppPaths.swift in Sources */,
				D12A90C194539DFA53831C5A /* AppShell.swift in Sources */,
				B37B8CC1C1B46CD15DAF3381 /* AsyncRacing.swift in Sources */,
				FAACE511C387E7F92C89693D /* AutoSaveBootstrap.swift in Sources */,
				E6A1A5E439330FF34ACA9B86 /* BackupInjector.swift in Sources */,
				3E0DA5B2355E5D21A0216CFA /* ChannelRecovery.swift in Sources */,
				93CC8FCB89EBB82F4F129CD4 /* DaemonsView.swift in Sources */,
				1A2C91C201B92CA611FDA9DB /* DevSettings.swift in Sources */,
				96CCD31F8F6C1B323200AABD /* DeviceIdentity.swift in Sources */,
				881B6D5DEB7B29D35D0FCFA2 /* Diagnostics.swift in Sources */,
				6FAF80E23DED37E68DF5C4EB /* Extensions.swift in Sources */,
				751BC0A7D8568BA0756F457E /* FilesView.swift in Sources */,
				483F8C2418C5B065F7B692B2 /* GoldenComponents.swift in Sources */,
				5DD3A0C569E72A5156269FA3 /* GoldenNuggetAutosave.swift in Sources */,
				2E44104D7A9958A98A7860EF /* GoldenNuggetEngine.swift in Sources */,
				D8CB50EA9A6F61C7683E54A6 /* GoldenNuggetPreset.swift in Sources */,
				11558E54DB612291BA4B5C73 /* GoldenNuggetView.swift in Sources */,
				D216DFB074CD321EF4316F9E /* GoldenTheme.swift in Sources */,
				4C6ABCDA5E29802D75B2F8DF /* GrappaToken.swift in Sources */,
				49D6B9D95723713BD06BE44A /* HostManifests.swift in Sources */,
				D72E5E9591A66FAB046A24E0 /* InFlightCall.swift in Sources */,
				38AC1AA2B797920552A965C5 /* Logging.swift in Sources */,
				DA113EFA02C294F15004CA4C /* MBDBManifest.swift in Sources */,
				3D9A822A8FFEC6765986F255 /* MBFileBlob.swift in Sources */,
				0331AFC575C298F5CD5B9046 /* ManifestStore.swift in Sources */,
				8599F4FC00683BED33CFEA2F /* MediaView.swift in Sources */,
				B06198A3C0B9019B6B550B38 /* NativeUI.swift in Sources */,
				DBE66DE774B10E9BCB6F83BB /* NeoSpring.swift in Sources */,
				B131B5D39A218B7F0A12FC3C /* NuggetApp.swift in Sources */,
				674E2A808A58E5D3E7945CA2 /* PasscodeTheme.swift in Sources */,
				5C0B68612965BB616DD71F88 /* PasscodeThemeView.swift in Sources */,
				8EFA230E330DA684FF98700A /* PosterBoard.swift in Sources */,
				37514328D53B9DB4EB71EC7B /* PosterBoardAirlift.swift in Sources */,
				70EC16B3D11CAD33E0C9271E /* PosterBoardApplyMode.swift in Sources */,
				05D914EAC38901911B35E6A4 /* PosterBoardBackup.swift in Sources */,
				253460D5373547DC8032194A /* PosterBoardResources.swift in Sources */,
				4B7673F854107FC11EB157C5 /* PosterBoardStore.swift in Sources */,
				26E0D0C0DB2AED03EBB4708C /* PosterBoardTemplates.swift in Sources */,
				FA786E5D4A1B85135B773FBC /* PosterBoardTendie.swift in Sources */,
				AA1E5E9A6CF388051D140AE3 /* PosterBoardVideo.swift in Sources */,
				C3451315BB71389FE8DC092B /* PosterBoardView.swift in Sources */,
				52F9CFD7A2DB9E90B4FE71D1 /* ProgressPulse.swift in Sources */,
				8969C92A6ECADAC5DA057A58 /* ProtectiveBackup.swift in Sources */,
				5A01780C82E541CA0340E0E0 /* ResetPagesSheet.swift in Sources */,
				6260750CEB090F2A1CD8D4A4 /* RestoreRunner.swift in Sources */,
				F5D525AC65BDB78E6965D133 /* RunLog.swift in Sources */,
				1F9D75017051B138D2F29C38 /* RustLog.swift in Sources */,
				27DCB00942E66E5D84EF3B6A /* SettingsView.swift in Sources */,
				37BDA4DA7B3732D698F924F2 /* SkipSetup.swift in Sources */,
				406691A53A3755BE7434B389 /* SkipSetupCatalog.swift in Sources */,
				3EC01C63F03C83569AE193A6 /* SkipSetupSettings.swift in Sources */,
				88BF13A4B64876644E9B178D /* StallGuard.swift in Sources */,
				6CDDFBA4BCD5B8146BD1AB8E /* StatusBarArchive.swift in Sources */,
				122ED6EE7845648380FB17A4 /* StatusBarModel.swift in Sources */,
				827B148A2DDB3B15D9072BB2 /* StatusBarSelection.swift in Sources */,
				2D2A8FB0ED27100E0E426F46 /* StatusBarView.swift in Sources */,
				495EAECFEA30AF8C2A6C9BF0 /* TransportFailure.swift in Sources */,
				37ED7E92BD392586B1D0A4DF /* Tunnel.swift in Sources */,
				4E0010FD17DF55D881CB25AA /* TweakCatalog.swift in Sources */,
				2E8EE1BA2040A369F85AE3F3 /* TweakCatalogDaemons.swift in Sources */,
				701F631AFAECD47690B8FB7D /* TweakCompiler.swift in Sources */,
				B455D7BEF37CFB628AB7865C /* TweakDomainMap.swift in Sources */,
				6EAA0BD3E97DAA974DBCCAF4 /* TweakInjector.swift in Sources */,
				28E9216B55D8DB6B7F1F4AF6 /* TweakModel.swift in Sources */,
				33FB94F9FE3904D2BB7AAC79 /* TweakReset.swift in Sources */,
				547AFD63F883C35F60A96328 /* TweakRow.swift in Sources */,
				1F4598565EB3ECC262843292 /* TweaksView.swift in Sources */,
				000FAF790458B28656C889EC /* WalletCardSkin.swift in Sources */,
				ECD7D52EB2E2A917AD10DA1B /* WallpaperCatalog.swift in Sources */,
				6221A776D615BE90DC7D1087 /* WallpaperDownloadsView.swift in Sources */,
				F8CA987268AFEEE27B32C442 /* WalletView.swift in Sources */,
				637D690748869293AAB5B9C8 /* WireCensus.swift in Sources */,
				46D5344DC490FE396B462855 /* WirelessPairing.swift in Sources */,
			);
			runOnlyForDeploymentPostprocessing = 0;
		};
/* End PBXSourcesBuildPhase section */

/* Begin XCBuildConfiguration section */
		03E8A224ABB82997E1934CD5 /* Debug */ = {
			isa = XCBuildConfiguration;
			buildSettings = {
				ALWAYS_SEARCH_USER_PATHS = NO;
				ASSETCATALOG_COMPILER_APPICON_NAME = AppIcon;
				ASSETCATALOG_COMPILER_STANDALONE_ICON_BEHAVIOR = none;
				CLANG_ANALYZER_NONNULL = YES;
				CLANG_ANALYZER_NUMBER_OBJECT_CONVERSION = YES_AGGRESSIVE;
				CLANG_CXX_LANGUAGE_STANDARD = "gnu++14";
				CLANG_CXX_LIBRARY = "libc++";
				CLANG_ENABLE_MODULES = YES;
				CLANG_ENABLE_OBJC_ARC = YES;
				CLANG_ENABLE_OBJC_WEAK = YES;
				CLANG_WARN_BLOCK_CAPTURE_AUTORELEASING = YES;
				CLANG_WARN_BOOL_CONVERSION = YES;
				CLANG_WARN_COMMA = YES;
				CLANG_WARN_CONSTANT_CONVERSION = YES;
				CLANG_WARN_DEPRECATED_OBJC_IMPLEMENTATIONS = YES;
				CLANG_WARN_DIRECT_OBJC_ISA_USAGE = YES_ERROR;
				CLANG_WARN_DOCUMENTATION_COMMENTS = YES;
				CLANG_WARN_EMPTY_BODY = YES;
				CLANG_WARN_ENUM_CONVERSION = YES;
				CLANG_WARN_INFINITE_RECURSION = YES;
				CLANG_WARN_INT_CONVERSION = YES;
				CLANG_WARN_NON_LITERAL_NULL_CONVERSION = YES;
				CLANG_WARN_OBJC_IMPLICIT_RETAIN_SELF = YES;
				CLANG_WARN_OBJC_LITERAL_CONVERSION = YES;
				CLANG_WARN_OBJC_ROOT_CLASS = YES_ERROR;
				CLANG_WARN_QUOTED_INCLUDE_IN_FRAMEWORK_HEADER = YES;
				CLANG_WARN_RANGE_LOOP_ANALYSIS = YES;
				CLANG_WARN_STRICT_PROTOTYPES = YES;
				CLANG_WARN_SUSPICIOUS_MOVE = YES;
				CLANG_WARN_UNGUARDED_AVAILABILITY = YES_AGGRESSIVE;
				CLANG_WARN_UNREACHABLE_CODE = YES;
				CLANG_WARN__DUPLICATE_METHOD_MATCH = YES;
				CODE_SIGN_ENTITLEMENTS = entitlements.plist;
				COPY_PHASE_STRIP = NO;
				CURRENT_PROJECT_VERSION = 1;
				DEBUG_INFORMATION_FORMAT = dwarf;
				ENABLE_STRICT_OBJC_MSGSEND = YES;
				ENABLE_TESTABILITY = YES;
				GCC_C_LANGUAGE_STANDARD = gnu11;
				GCC_DYNAMIC_NO_PIC = NO;
				GCC_NO_COMMON_BLOCKS = YES;
				GCC_OPTIMIZATION_LEVEL = 0;
				GCC_PREPROCESSOR_DEFINITIONS = (
					"$(inherited)",
					"DEBUG=1",
				);
				GCC_WARN_64_TO_32_BIT_CONVERSION = YES;
				GCC_WARN_ABOUT_RETURN_TYPE = YES_ERROR;
				GCC_WARN_UNDECLARED_SELECTOR = YES;
				GCC_WARN_UNINITIALIZED_AUTOS = YES_AGGRESSIVE;
				GCC_WARN_UNUSED_FUNCTION = YES;
				GCC_WARN_UNUSED_VARIABLE = YES;
				GENERATE_INFOPLIST_FILE = NO;
				INFOPLIST_FILE = layout/Applications/GoldenNuggetMobile.app/Info.plist;
				IPHONEOS_DEPLOYMENT_TARGET = 26.0;
				MARKETING_VERSION = 9.5.2;
				MTL_ENABLE_DEBUG_INFO = INCLUDE_SOURCE;
				MTL_FAST_MATH = YES;
				ONLY_ACTIVE_ARCH = YES;
				PRODUCT_BUNDLE_IDENTIFIER = com.awesomenull.goldennugget;
				PRODUCT_NAME = GoldenNuggetMobile;
				SDKROOT = iphoneos;
				SWIFT_ACTIVE_COMPILATION_CONDITIONS = DEBUG;
				SWIFT_OPTIMIZATION_LEVEL = "-Onone";
				SWIFT_VERSION = 5.0;
				TARGETED_DEVICE_FAMILY = "1,2";
			};
			name = Debug;
		};
		46B679230E09C00CA32A3243 /* Release */ = {
			isa = XCBuildConfiguration;
			buildSettings = {
				ALWAYS_SEARCH_USER_PATHS = NO;
				ASSETCATALOG_COMPILER_APPICON_NAME = AppIcon;
				ASSETCATALOG_COMPILER_STANDALONE_ICON_BEHAVIOR = none;
				CLANG_ANALYZER_NONNULL = YES;
				CLANG_ANALYZER_NUMBER_OBJECT_CONVERSION = YES_AGGRESSIVE;
				CLANG_CXX_LANGUAGE_STANDARD = "gnu++14";
				CLANG_CXX_LIBRARY = "libc++";
				CLANG_ENABLE_MODULES = YES;
				CLANG_ENABLE_OBJC_ARC = YES;
				CLANG_ENABLE_OBJC_WEAK = YES;
				CLANG_WARN_BLOCK_CAPTURE_AUTORELEASING = YES;
				CLANG_WARN_BOOL_CONVERSION = YES;
				CLANG_WARN_COMMA = YES;
				CLANG_WARN_CONSTANT_CONVERSION = YES;
				CLANG_WARN_DEPRECATED_OBJC_IMPLEMENTATIONS = YES;
				CLANG_WARN_DIRECT_OBJC_ISA_USAGE = YES_ERROR;
				CLANG_WARN_DOCUMENTATION_COMMENTS = YES;
				CLANG_WARN_EMPTY_BODY = YES;
				CLANG_WARN_ENUM_CONVERSION = YES;
				CLANG_WARN_INFINITE_RECURSION = YES;
				CLANG_WARN_INT_CONVERSION = YES;
				CLANG_WARN_NON_LITERAL_NULL_CONVERSION = YES;
				CLANG_WARN_OBJC_IMPLICIT_RETAIN_SELF = YES;
				CLANG_WARN_OBJC_LITERAL_CONVERSION = YES;
				CLANG_WARN_OBJC_ROOT_CLASS = YES_ERROR;
				CLANG_WARN_QUOTED_INCLUDE_IN_FRAMEWORK_HEADER = YES;
				CLANG_WARN_RANGE_LOOP_ANALYSIS = YES;
				CLANG_WARN_STRICT_PROTOTYPES = YES;
				CLANG_WARN_SUSPICIOUS_MOVE = YES;
				CLANG_WARN_UNGUARDED_AVAILABILITY = YES_AGGRESSIVE;
				CLANG_WARN_UNREACHABLE_CODE = YES;
				CLANG_WARN__DUPLICATE_METHOD_MATCH = YES;
				CODE_SIGN_ENTITLEMENTS = entitlements.plist;
				COPY_PHASE_STRIP = YES;
				CURRENT_PROJECT_VERSION = 1;
				DEBUG_INFORMATION_FORMAT = "dwarf-with-dsym";
				ENABLE_NS_ASSERTIONS = NO;
				ENABLE_STRICT_OBJC_MSGSEND = YES;
				GCC_C_LANGUAGE_STANDARD = gnu11;
				GCC_NO_COMMON_BLOCKS = YES;
				GCC_WARN_64_TO_32_BIT_CONVERSION = YES;
				GCC_WARN_ABOUT_RETURN_TYPE = YES_ERROR;
				GCC_WARN_UNDECLARED_SELECTOR = YES;
				GCC_WARN_UNINITIALIZED_AUTOS = YES_AGGRESSIVE;
				GCC_WARN_UNUSED_FUNCTION = YES;
				GCC_WARN_UNUSED_VARIABLE = YES;
				GENERATE_INFOPLIST_FILE = NO;
				INFOPLIST_FILE = layout/Applications/GoldenNuggetMobile.app/Info.plist;
				IPHONEOS_DEPLOYMENT_TARGET = 26.0;
				MARKETING_VERSION = 9.5.2;
				MTL_ENABLE_DEBUG_INFO = NO;
				MTL_FAST_MATH = YES;
				PRODUCT_BUNDLE_IDENTIFIER = com.awesomenull.goldennugget;
				PRODUCT_NAME = GoldenNuggetMobile;
				SDKROOT = iphoneos;
				SWIFT_COMPILATION_MODE = wholemodule;
				SWIFT_OPTIMIZATION_LEVEL = "-O";
				SWIFT_VERSION = 5.0;
				TARGETED_DEVICE_FAMILY = "1,2";
			};
			name = Release;
		};
		CCE5F2C756E2586B9DB535AB /* Debug */ = {
			isa = XCBuildConfiguration;
			buildSettings = {
				ASSETCATALOG_COMPILER_INCLUDE_ALL_APPICON_ASSETS = YES;
				CODE_SIGN_IDENTITY = "Apple Development";
				CODE_SIGN_STYLE = Automatic;
				DEVELOPMENT_TEAM = L7HX85L6GU;
				LD_RUNPATH_SEARCH_PATHS = (
					"$(inherited)",
					"@executable_path/Frameworks",
				);
				OTHER_LDFLAGS = (
					"-framework",
					UIKit,
				);
				PRODUCT_BUNDLE_IDENTIFIER = com.awesomenull.goldennugget;
				PRODUCT_NAME = GoldenNuggetMobile;
				PROVISIONING_PROFILE_SPECIFIER = "";
				SDKROOT = iphoneos;
				TARGETED_DEVICE_FAMILY = "1,2";
			};
			name = Debug;
		};
		E1937099520660820C8CA06B /* Release */ = {
			isa = XCBuildConfiguration;
			buildSettings = {
				ASSETCATALOG_COMPILER_INCLUDE_ALL_APPICON_ASSETS = YES;
				CODE_SIGN_IDENTITY = "Apple Development";
				CODE_SIGN_STYLE = Automatic;
				DEVELOPMENT_TEAM = L7HX85L6GU;
				LD_RUNPATH_SEARCH_PATHS = (
					"$(inherited)",
					"@executable_path/Frameworks",
				);
				OTHER_LDFLAGS = (
					"-framework",
					UIKit,
				);
				PRODUCT_BUNDLE_IDENTIFIER = com.awesomenull.goldennugget;
				PRODUCT_NAME = GoldenNuggetMobile;
				PROVISIONING_PROFILE_SPECIFIER = "";
				SDKROOT = iphoneos;
				TARGETED_DEVICE_FAMILY = "1,2";
			};
			name = Release;
		};
/* End XCBuildConfiguration section */

/* Begin XCConfigurationList section */
		533CE9A0FB4E99D6B963BE28 /* Build configuration list for PBXNativeTarget "GoldenNuggetMobile" */ = {
			isa = XCConfigurationList;
			buildConfigurations = (
				CCE5F2C756E2586B9DB535AB /* Debug */,
				E1937099520660820C8CA06B /* Release */,
			);
			defaultConfigurationIsVisible = 0;
			defaultConfigurationName = Debug;
		};
		FC0EFF92A308D7BDF12E8753 /* Build configuration list for PBXProject "GoldenNuggetMobile" */ = {
			isa = XCConfigurationList;
			buildConfigurations = (
				03E8A224ABB82997E1934CD5 /* Debug */,
				46B679230E09C00CA32A3243 /* Release */,
			);
			defaultConfigurationIsVisible = 0;
			defaultConfigurationName = Debug;
		};
/* End XCConfigurationList section */

/* Begin XCLocalSwiftPackageReference section */
		632670CB758C838C1C55C9EC /* XCLocalSwiftPackageReference "Vendor" */ = {
			isa = XCLocalSwiftPackageReference;
			relativePath = Vendor;
		};
/* End XCLocalSwiftPackageReference section */

/* Begin XCSwiftPackageProductDependency section */
		B6CC7F8101BD13AD344DBB86 /* Minimuxer */ = {
			isa = XCSwiftPackageProductDependency;
			productName = Minimuxer;
		};
		/* The app unpacks `.tendies` wallpaper packs, which are ZIPs. Second
		   product of the same local package (Vendor), so no new
		   XCLocalSwiftPackageReference is involved. Mirrors project.yml and
		   Package.swift; XcodeGen is not installed here, so this file cannot be
		   regenerated from that one and the three have to agree by hand. */
		B6CC7F8101BD13AD344DBB87 /* ZIPFoundation */ = {
			isa = XCSwiftPackageProductDependency;
			productName = ZIPFoundation;
		};
		/* The AirTraffic sandbox escape (AirLift), vendored as a static .a in
		   the same local package, so no new XCLocalSwiftPackageReference is
		   involved. Mirrors project.yml and Package.swift by hand, like the two
		   above. */
		B6CC7F8101BD13AD344DBB88 /* AirliftFFI */ = {
			isa = XCSwiftPackageProductDependency;
			productName = AirliftFFI;
		};
/* End XCSwiftPackageProductDependency section */
	};
	rootObject = 8C97354E7A4E3C650B028CF0 /* Project object */;
}
